{
  "lib/LayerZero-v2": {
    "rev": "9c741e7f9790639537b1710a203bcdfd73b0b9ac"
  },
  "lib/forge-std": {
    "tag": {
      "name": "v1.15.0",
      "rev": "0844d7e1fc5e60d77b68e469bff60265f236c398"
    }
  },
  "lib/openzeppelin-contracts": {
    "tag": {
      "name": "v4.9.3",
      "rev": "fd81a96f01cc42ef1c9a5399364968d0e07e9e90"
    }
  }
}